{
  "nodes": {
    "ags": {
      "inputs": {
        "nixpkgs": [
          "nixpkgs"
        ]
      },
      "locked": {
        "lastModified": 1705256758,
        "narHash": "sha256-e6cybelQaZAK31zpnFjLciA4bAQvlFFVmh+Ob0H27QE=",
        "owner": "Aylur",
        "repo": "ags",
        "rev": "d243a45872b36f286044becdfe6223890d504e5d",
        "type": "github"
      },
      "original": {
        "owner": "Aylur",
        "repo": "ags",
        "type": "github"
      }
    },
    "home-manager": {
      "inputs": {
        "nixpkgs": [
          "nixpkgs"
        ]
      },
      "locked": {
        "lastModified": 1705169127,
        "narHash": "sha256-j9OEtNxOIPWZWjbECVMkI1TO17SzlpHMm0LnVWKOR/g=",
        "owner": "nix-community",
        "repo": "home-manager",
        "rev": "f2942f3385f1b35cc8a1abb03a45e29c9cb4d3c8",
        "type": "github"
      },
      "original": {
        "owner": "nix-community",
        "repo": "home-manager",
        "type": "github"
      }
    },
    "impermanence": {
      "locked": {
        "lastModified": 1703656108,
        "narHash": "sha256-hCSUqdFJKHHbER8Cenf5JRzjMlBjIdwdftGQsO0xoJs=",
        "owner": "nix-community",
        "repo": "impermanence",
        "rev": "033643a45a4a920660ef91caa391fbffb14da466",
        "type": "github"
      },
      "original": {
        "owner": "nix-community",
        "repo": "impermanence",
        "type": "github"
      }
    },
    "nix-index-database": {
      "inputs": {
        "nixpkgs": [
          "nixpkgs"
        ]
      },
      "locked": {
        "lastModified": 1705201750,
        "narHash": "sha256-0umjkDiAoXDsIhaFlIIhKFTX/q7sMhfzvhNuY6wFdZo=",
        "owner": "Mic92",
        "repo": "nix-index-database",
        "rev": "274a40dbf8be212697f3988471a4473987f8a886",
        "type": "github"
      },
      "original": {
        "owner": "Mic92",
        "repo": "nix-index-database",
        "type": "github"
      }
    },
    "nixpkgs": {
      "locked": {
        "lastModified": 1705133751,
        "narHash": "sha256-rCIsyE80jgiOU78gCWN3A0wE0tR2GI5nH6MlS+HaaSQ=",
        "owner": "NixOS",
        "repo": "nixpkgs",
        "rev": "9b19f5e77dd906cb52dade0b7bd280339d2a1f3d",
        "type": "github"
      },
      "original": {
        "owner": "NixOS",
        "ref": "nixos-unstable",
        "repo": "nixpkgs",
        "type": "github"
      }
    },
    "root": {
      "inputs": {
        "ags": "ags",
        "home-manager": "home-manager",
        "impermanence": "impermanence",
        "nix-index-database": "nix-index-database",
        "nixpkgs": "nixpkgs",
        "stevenblack": "stevenblack"
      }
    },
    "stevenblack": {
      "flake": false,
      "locked": {
        "lastModified": 1705203242,
        "narHash": "sha256-RC7vPporpYexMbWgfW8aDF9bKm9yq6ktOS6EY/u0oAk=",
        "owner": "StevenBlack",
        "repo": "hosts",
        "rev": "14da388110bd63562444369f6ff47bfe05742111",
        "type": "github"
      },
      "original": {
        "owner": "StevenBlack",
        "repo": "hosts",
        "type": "github"
      }
    }
  },
  "root": "root",
  "version": 7
}
